{
  "name": "abibi",
  "version": "1.0.0",
  "lockfileVersion": 1,
  "requires": true,
  "dependencies": {
    "@types/mdast": {
      "version": "3.0.3",
      "resolved": "http://bnpm.byted.org/@types/mdast/download/@types/mdast-3.0.3.tgz",
      "integrity": "sha1-LX1nGxzR6j3rMG6nUDbCoEB9Les=",
      "requires": {
        "@types/unist": "*"
      }
    },
    "@types/unist": {
      "version": "2.0.3",
      "resolved": "http://bnpm.byted.org/@types/unist/download/@types/unist-2.0.3.tgz",
      "integrity": "sha1-nAiGeYdvN061mD8VDUeHqm+zLX4="
    },
    "argparse": {
      "version": "1.0.10",
      "resolved": "http://bnpm.byted.org/argparse/download/argparse-1.0.10.tgz",
      "integrity": "sha1-vNZ5HqWuCXJeF+WtmIE0zUCz2RE=",
      "requires": {
        "sprintf-js": "~1.0.2"
      }
    },
    "bail": {
      "version": "1.0.5",
      "resolved": "http://bnpm.byted.org/bail/download/bail-1.0.5.tgz",
      "integrity": "sha1-tvoTNASjksvB+MS/Y/WVM1Hnp3Y="
    },
    "ccount": {
      "version": "1.0.5",
      "resolved": "http://bnpm.byted.org/ccount/download/ccount-1.0.5.tgz",
      "integrity": "sha1-rIKpRJBaZc4gTrAwIxV+3ylCXBc="
    },
    "character-entities": {
      "version": "1.2.4",
      "resolved": "http://bnpm.byted.org/character-entities/download/character-entities-1.2.4.tgz",
      "integrity": "sha1-4Sw5Obfq9OWxXnrUxeKOHUjFsWs="
    },
    "character-entities-html4": {
      "version": "1.1.4",
      "resolved": "http://bnpm.byted.org/character-entities-html4/download/character-entities-html4-1.1.4.tgz",
      "integrity": "sha1-DmSwo3U92/H9wETF/QHQGZoC4SU="
    },
    "character-entities-legacy": {
      "version": "1.1.4",
      "resolved": "http://bnpm.byted.org/character-entities-legacy/download/character-entities-legacy-1.1.4.tgz",
      "integrity": "sha1-lLwYRdznClu50uzHSHJWYSk9j8E="
    },
    "character-reference-invalid": {
      "version": "1.1.4",
      "resolved": "http://bnpm.byted.org/character-reference-invalid/download/character-reference-invalid-1.1.4.tgz",
      "integrity": "sha1-CDMpzaDq4nKrPbvzfpo4LBOvFWA="
    },
    "collapse-white-space": {
      "version": "1.0.6",
      "resolved": "http://bnpm.byted.org/collapse-white-space/download/collapse-white-space-1.0.6.tgz",
      "integrity": "sha1-5jYpwAFmZXkgYNu+t5xCI50sUoc="
    },
    "commonmark": {
      "version": "0.29.1",
      "resolved": "http://bnpm.byted.org/commonmark/download/commonmark-0.29.1.tgz",
      "integrity": "sha1-/b9ZcMojYA9KJ0h+MO7UO2a4PvU=",
      "requires": {
        "entities": "~1.1.1",
        "mdurl": "~1.0.1",
        "minimist": "~1.2.0",
        "string.prototype.repeat": "^0.2.0"
      }
    },
    "csv-parse": {
      "version": "4.8.5",
      "resolved": "http://bnpm.byted.org/csv-parse/download/csv-parse-4.8.5.tgz",
      "integrity": "sha1-MukqDgrO2rFBvVxaOtb8Mxbyxy0="
    },
    "entities": {
      "version": "1.1.2",
      "resolved": "http://bnpm.byted.org/entities/download/entities-1.1.2.tgz",
      "integrity": "sha1-vfpzUplmTfr9NFKe1PhSKidf6lY="
    },
    "extend": {
      "version": "3.0.2",
      "resolved": "http://bnpm.byted.org/extend/download/extend-3.0.2.tgz",
      "integrity": "sha1-+LETa0Bx+9jrFAr/hYsQGewpFfo="
    },
    "inherits": {
      "version": "2.0.4",
      "resolved": "http://bnpm.byted.org/inherits/download/inherits-2.0.4.tgz",
      "integrity": "sha1-D6LGT5MpF8NDOg3tVTY6rjdBa3w="
    },
    "is-alphabetical": {
      "version": "1.0.4",
      "resolved": "http://bnpm.byted.org/is-alphabetical/download/is-alphabetical-1.0.4.tgz",
      "integrity": "sha1-nn1rlJFr4iFTdF0YTCmMv5hqaG0="
    },
    "is-alphanumeric": {
      "version": "1.0.0",
      "resolved": "http://bnpm.byted.org/is-alphanumeric/download/is-alphanumeric-1.0.0.tgz",
      "integrity": "sha1-Spzvcdr0wAHB2B1j0UDPU/1oifQ="
    },
    "is-alphanumerical": {
      "version": "1.0.4",
      "resolved": "http://bnpm.byted.org/is-alphanumerical/download/is-alphanumerical-1.0.4.tgz",
      "integrity": "sha1-frmiQx+FX2se8aeOMm31FWlsTb8=",
      "requires": {
        "is-alphabetical": "^1.0.0",
        "is-decimal": "^1.0.0"
      }
    },
    "is-buffer": {
      "version": "2.0.4",
      "resolved": "http://bnpm.byted.org/is-buffer/download/is-buffer-2.0.4.tgz",
      "integrity": "sha1-PlcvI8hBGlz9lVfISeNmXgspBiM="
    },
    "is-decimal": {
      "version": "1.0.4",
      "resolved": "http://bnpm.byted.org/is-decimal/download/is-decimal-1.0.4.tgz",
      "integrity": "sha1-ZaOllYocW2OnBuGzM9fNn2MNP6U="
    },
    "is-hexadecimal": {
      "version": "1.0.4",
      "resolved": "http://bnpm.byted.org/is-hexadecimal/download/is-hexadecimal-1.0.4.tgz",
      "integrity": "sha1-zDXJdYjaS9Saju3WvECC1E3LI6c="
    },
    "is-plain-obj": {
      "version": "2.1.0",
      "resolved": "http://bnpm.byted.org/is-plain-obj/download/is-plain-obj-2.1.0.tgz",
      "integrity": "sha1-ReQuN/zPH0Dajl927iFRWEDAkoc="
    },
    "is-whitespace-character": {
      "version": "1.0.4",
      "resolved": "http://bnpm.byted.org/is-whitespace-character/download/is-whitespace-character-1.0.4.tgz",
      "integrity": "sha1-CFjt2UqVWUx8ndC1wXTsbkXuSqc="
    },
    "is-word-character": {
      "version": "1.0.4",
      "resolved": "http://bnpm.byted.org/is-word-character/download/is-word-character-1.0.4.tgz",
      "integrity": "sha1-zg5zIW+YWZBgWS9i/zE1TdvrAjA="
    },
    "linkify-it": {
      "version": "2.2.0",
      "resolved": "http://bnpm.byted.org/linkify-it/download/linkify-it-2.2.0.tgz",
      "integrity": "sha1-47VGl+eL+RXHCjis14/QngBYsc8=",
      "requires": {
        "uc.micro": "^1.0.1"
      }
    },
    "longest-streak": {
      "version": "2.0.4",
      "resolved": "http://bnpm.byted.org/longest-streak/download/longest-streak-2.0.4.tgz",
      "integrity": "sha1-uFmZV9pbXatk3uP+MW+ndFl9kOQ="
    },
    "markdown-escapes": {
      "version": "1.0.4",
      "resolved": "http://bnpm.byted.org/markdown-escapes/download/markdown-escapes-1.0.4.tgz",
      "integrity": "sha1-yVQV70UUmddgK5EJXzyOiXX3hTU="
    },
    "markdown-it": {
      "version": "10.0.0",
      "resolved": "http://bnpm.byted.org/markdown-it/download/markdown-it-10.0.0.tgz",
      "integrity": "sha1-q/xk8UGxci1mNAIETkOSfx9QqNw=",
      "requires": {
        "argparse": "^1.0.7",
        "entities": "~2.0.0",
        "linkify-it": "^2.0.0",
        "mdurl": "^1.0.1",
        "uc.micro": "^1.0.5"
      },
      "dependencies": {
        "entities": {
          "version": "2.0.0",
          "resolved": "http://bnpm.byted.org/entities/download/entities-2.0.0.tgz",
          "integrity": "sha1-aNYITKsbB5dnVA2A5Wo5tCPkq/Q="
        }
      }
    },
    "markdown-table": {
      "version": "1.1.3",
      "resolved": "http://bnpm.byted.org/markdown-table/download/markdown-table-1.1.3.tgz",
      "integrity": "sha1-n8tpvP24cXv9A5jG7C2TA2743mA="
    },
    "mdast-util-compact": {
      "version": "1.0.4",
      "resolved": "http://bnpm.byted.org/mdast-util-compact/download/mdast-util-compact-1.0.4.tgz",
      "integrity": "sha1-1TG7dme1Ejq/IIWb4IbE0GyJRZM=",
      "requires": {
        "unist-util-visit": "^1.1.0"
      }
    },
    "mdurl": {
      "version": "1.0.1",
      "resolved": "http://bnpm.byted.org/mdurl/download/mdurl-1.0.1.tgz",
      "integrity": "sha1-/oWy7HWlkDfyrf7BAP1sYBdhFS4="
    },
    "minimist": {
      "version": "1.2.6",
      "resolved": "https://registry.npmjs.org/minimist/-/minimist-1.2.6.tgz",
      "integrity": "sha512-Jsjnk4bw3YJqYzbdyBiNsPWHPfO++UGG749Cxs6peCu5Xg4nrena6OVxOYxrQTqww0Jmwt+Ref8rggumkTLz9Q=="
    },
    "object-assign": {
      "version": "4.1.1",
      "resolved": "http://bnpm.byted.org/object-assign/download/object-assign-4.1.1.tgz",
      "integrity": "sha1-IQmtx5ZYh8/AXLvUQsrIv7s2CGM="
    },
    "parse-entities": {
      "version": "1.2.2",
      "resolved": "http://bnpm.byted.org/parse-entities/download/parse-entities-1.2.2.tgz",
      "integrity": "sha1-wxvw9lO2ZhNU+Jc1WcuG3R1e31A=",
      "requires": {
        "character-entities": "^1.0.0",
        "character-entities-legacy": "^1.0.0",
        "character-reference-invalid": "^1.0.0",
        "is-alphanumerical": "^1.0.0",
        "is-decimal": "^1.0.0",
        "is-hexadecimal": "^1.0.0"
      }
    },
    "remark-parse": {
      "version": "7.0.2",
      "resolved": "http://bnpm.byted.org/remark-parse/download/remark-parse-7.0.2.tgz",
      "integrity": "sha1-QecXDZwdlsPTLPEQlgCp7VDbp88=",
      "requires": {
        "collapse-white-space": "^1.0.2",
        "is-alphabetical": "^1.0.0",
        "is-decimal": "^1.0.0",
        "is-whitespace-character": "^1.0.0",
        "is-word-character": "^1.0.0",
        "markdown-escapes": "^1.0.0",
        "parse-entities": "^1.1.0",
        "repeat-string": "^1.5.4",
        "state-toggle": "^1.0.0",
        "trim": "0.0.1",
        "trim-trailing-lines": "^1.0.0",
        "unherit": "^1.0.4",
        "unist-util-remove-position": "^1.0.0",
        "vfile-location": "^2.0.0",
        "xtend": "^4.0.1"
      }
    },
    "remark-stringify": {
      "version": "7.0.4",
      "resolved": "http://bnpm.byted.org/remark-stringify/download/remark-stringify-7.0.4.tgz",
      "integrity": "sha1-PeHj+ThTKI00B9oc1E8iEjId1Ug=",
      "requires": {
        "ccount": "^1.0.0",
        "is-alphanumeric": "^1.0.0",
        "is-decimal": "^1.0.0",
        "is-whitespace-character": "^1.0.0",
        "longest-streak": "^2.0.1",
        "markdown-escapes": "^1.0.0",
        "markdown-table": "^1.1.0",
        "mdast-util-compact": "^1.0.0",
        "parse-entities": "^1.0.2",
        "repeat-string": "^1.5.4",
        "state-toggle": "^1.0.0",
        "stringify-entities": "^2.0.0",
        "unherit": "^1.0.4",
        "xtend": "^4.0.1"
      }
    },
    "repeat-string": {
      "version": "1.6.1",
      "resolved": "http://bnpm.byted.org/repeat-string/download/repeat-string-1.6.1.tgz",
      "integrity": "sha1-jcrkcOHIirwtYA//Sndihtp15jc="
    },
    "replace-ext": {
      "version": "1.0.0",
      "resolved": "http://bnpm.byted.org/replace-ext/download/replace-ext-1.0.0.tgz",
      "integrity": "sha1-3mMSg3P8v3w8z6TeWkgMRaZ5WOs="
    },
    "sprintf-js": {
      "version": "1.0.3",
      "resolved": "http://bnpm.byted.org/sprintf-js/download/sprintf-js-1.0.3.tgz",
      "integrity": "sha1-BOaSb2YolTVPPdAVIDYzuFcpfiw="
    },
    "state-toggle": {
      "version": "1.0.3",
      "resolved": "http://bnpm.byted.org/state-toggle/download/state-toggle-1.0.3.tgz",
      "integrity": "sha1-4SOxaojhQxObCcaFIiG8mBWRff4="
    },
    "string.prototype.repeat": {
      "version": "0.2.0",
      "resolved": "http://bnpm.byted.org/string.prototype.repeat/download/string.prototype.repeat-0.2.0.tgz",
      "integrity": "sha1-q6Nt4I3O5qWjN9SbLqHaGyj8Ds8="
    },
    "stringify-entities": {
      "version": "2.0.0",
      "resolved": "http://bnpm.byted.org/stringify-entities/download/stringify-entities-2.0.0.tgz",
      "integrity": "sha1-+nymYUs1X7bChEgUCiDE7edGKCc=",
      "requires": {
        "character-entities-html4": "^1.0.0",
        "character-entities-legacy": "^1.0.0",
        "is-alphanumerical": "^1.0.0",
        "is-decimal": "^1.0.2",
        "is-hexadecimal": "^1.0.0"
      }
    },
    "trim": {
      "version": "0.0.1",
      "resolved": "http://bnpm.byted.org/trim/download/trim-0.0.1.tgz",
      "integrity": "sha1-WFhUf2spB1fulczMZm+1AITEYN0="
    },
    "trim-trailing-lines": {
      "version": "1.1.3",
      "resolved": "http://bnpm.byted.org/trim-trailing-lines/download/trim-trailing-lines-1.1.3.tgz",
      "integrity": "sha1-fwc5iB/3Zle3d24Qh0EoAEtiWpQ="
    },
    "trough": {
      "version": "1.0.5",
      "resolved": "http://bnpm.byted.org/trough/download/trough-1.0.5.tgz",
      "integrity": "sha1-uLY5zvrX0LsqvTfUM/+Ck++l9AY="
    },
    "uc.micro": {
      "version": "1.0.6",
      "resolved": "http://bnpm.byted.org/uc.micro/download/uc.micro-1.0.6.tgz",
      "integrity": "sha1-nEEagCpAmpH8bPdAgbq6NLJEmaw="
    },
    "unherit": {
      "version": "1.1.3",
      "resolved": "http://bnpm.byted.org/unherit/download/unherit-1.1.3.tgz",
      "integrity": "sha1-bJtQPytBsmIzDIDpHIYUq9qmnCI=",
      "requires": {
        "inherits": "^2.0.0",
        "xtend": "^4.0.0"
      }
    },
    "unified": {
      "version": "8.4.2",
      "resolved": "http://bnpm.byted.org/unified/download/unified-8.4.2.tgz",
      "integrity": "sha1-E61YtKQ3+qJ1GkpMahb2gMUA//E=",
      "requires": {
        "bail": "^1.0.0",
        "extend": "^3.0.0",
        "is-plain-obj": "^2.0.0",
        "trough": "^1.0.0",
        "vfile": "^4.0.0"
      }
    },
    "unist-util-is": {
      "version": "3.0.0",
      "resolved": "http://bnpm.byted.org/unist-util-is/download/unist-util-is-3.0.0.tgz",
      "integrity": "sha1-2ehDgcJGjoJinkpb6dfQWi3TJM0="
    },
    "unist-util-map": {
      "version": "2.0.0",
      "resolved": "http://bnpm.byted.org/unist-util-map/download/unist-util-map-2.0.0.tgz",
      "integrity": "sha1-GE/9BYnUQij/KAZtzI/PZZZVsoc=",
      "requires": {
        "@types/mdast": "^3.0.3",
        "object-assign": "^4.0.1"
      }
    },
    "unist-util-remove-position": {
      "version": "1.1.4",
      "resolved": "http://bnpm.byted.org/unist-util-remove-position/download/unist-util-remove-position-1.1.4.tgz",
      "integrity": "sha1-7ANzSLYQLIl3A+7m0ClMpHVaICA=",
      "requires": {
        "unist-util-visit": "^1.1.0"
      }
    },
    "unist-util-stringify-position": {
      "version": "2.0.2",
      "resolved": "http://bnpm.byted.org/unist-util-stringify-position/download/unist-util-stringify-position-2.0.2.tgz",
      "integrity": "sha1-Wjhm5xONVZdLZA7GmpS8GeDz+hI=",
      "requires": {
        "@types/unist": "^2.0.2"
      }
    },
    "unist-util-visit": {
      "version": "1.4.1",
      "resolved": "http://bnpm.byted.org/unist-util-visit/download/unist-util-visit-1.4.1.tgz",
      "integrity": "sha1-RySqqEhububibX/zyGhZYNVgseM=",
      "requires": {
        "unist-util-visit-parents": "^2.0.0"
      }
    },
    "unist-util-visit-parents": {
      "version": "2.1.2",
      "resolved": "http://bnpm.byted.org/unist-util-visit-parents/download/unist-util-visit-parents-2.1.2.tgz",
      "integrity": "sha1-JeQ+VTEhZvM0jK5nQ1iHgdESwek=",
      "requires": {
        "unist-util-is": "^3.0.0"
      }
    },
    "vfile": {
      "version": "4.0.2",
      "resolved": "http://bnpm.byted.org/vfile/download/vfile-4.0.2.tgz",
      "integrity": "sha1-ca8ATUpxCw5r6ZyJRlW8VhJtXVY=",
      "requires": {
        "@types/unist": "^2.0.0",
        "is-buffer": "^2.0.0",
        "replace-ext": "1.0.0",
        "unist-util-stringify-position": "^2.0.0",
        "vfile-message": "^2.0.0"
      }
    },
    "vfile-location": {
      "version": "2.0.6",
      "resolved": "http://bnpm.byted.org/vfile-location/download/vfile-location-2.0.6.tgz",
      "integrity": "sha1-iidPOUEbhxnqVyiALhDZ4N/xUZ4="
    },
    "vfile-message": {
      "version": "2.0.2",
      "resolved": "http://bnpm.byted.org/vfile-message/download/vfile-message-2.0.2.tgz",
      "integrity": "sha1-dboFCQ7HWPqEIPLBHOBJvN3Yzz4=",
      "requires": {
        "@types/unist": "^2.0.0",
        "unist-util-stringify-position": "^2.0.0"
      }
    },
    "xtend": {
      "version": "4.0.2",
      "resolved": "http://bnpm.byted.org/xtend/download/xtend-4.0.2.tgz",
      "integrity": "sha1-u3J3n1+kZRhrH0OPZ0+jR/2121Q="
    }
  }
}
